
Microsoft Visual Studio Solution File, Format Version 12.00
# Visual Studio Version 17
VisualStudioVersion = 17.11.35327.3
MinimumVisualStudioVersion = 10.0.40219.1
Project("{FAE04EC0-301F-11D3-BF4B-00C04F79EFBC}") = "pract12", "pract12.csproj", "{43FA3C06-35B5-4828-B879-9727156A812A}"
EndProject
Global
	GlobalSection(SolutionConfigurationPlatforms) = preSolution
		Debug|Any CPU = Debug|Any CPU
		Release|Any CPU = Release|Any CPU
	EndGlobalSection
	GlobalSection(ProjectConfigurationPlatforms) = postSolution
		{43FA3C06-35B5-4828-B879-9727156A812A}.Debug|Any CPU.ActiveCfg = Debug|Any CPU
		{43FA3C06-35B5-4828-B879-9727156A812A}.Debug|Any CPU.Build.0 = Debug|Any CPU
		{43FA3C06-35B5-4828-B879-9727156A812A}.Release|Any CPU.ActiveCfg = Release|Any CPU
		{43FA3C06-35B5-4828-B879-9727156A812A}.Release|Any CPU.Build.0 = Release|Any CPU
	EndGlobalSection
	GlobalSection(SolutionProperties) = preSolution
		HideSolutionNode = FALSE
	EndGlobalSection
	GlobalSection(ExtensibilityGlobals) = postSolution
		SolutionGuid = {38768E94-4AE4-4B0B-A56E-B6A38716A03D}
	EndGlobalSection
EndGlobal
